github.com/geektime007/util v0.0.0-20210510093148-4bb87f2e9689 h1:4xVhw6T0XaxZTuYh5euMjPcPHtVG7bHSxqY10r7Vvrs=
github.com/geektime007/util v0.0.0-20210510093148-4bb87f2e9689/go.mod h1:py0Wd+G1aBcjUce8/nWvG72v7LDyFGa18pdL+bYsvgE=
github.com/pkg/errors v0.9.1 h1:FEBLx1zS214owpjy7qsBeixbURkuhQAwrK5UwLGTwt4=
github.com/pkg/errors v0.9.1/go.mod h1:bwawxfHBFNV+L2hUp1rHADufV3IMtnDRdf1r5NINEl0=
github.com/willf/pad v0.0.0-20200313202418-172aa767f2a4 h1:Y+IMUhhlO9FLTZpNrUAMWOr7Lh0tHDKu0nrDVhp6A7o=
github.com/willf/pad v0.0.0-20200313202418-172aa767f2a4/go.mod h1:+pVHwmjc9CH7ugBFxESIwQkXkVj0gUj4cFp63TLwP1Y=
